# This file is automatically @generated by Poetry 2.2.1 and should not be changed by hand.

[[package]]
name = "cython"
version = "3.1.6"
description = "The Cython compiler for writing C extensions in the Python language."
optional = false
python-versions = ">=3.8"
groups = ["build"]
files = [
    {file = "cython-3.1.6-cp310-cp310-macosx_10_9_x86_64.whl", hash = "sha256:c4027b4d1bf7781fdfb2dbe1c1d81ccac9b910831511747e2c9fc8452fb3ea6b"},
    {file = "cython-3.1.6-cp310-cp310-macosx_11_0_arm64.whl", hash = "sha256:141dea9df09f9c711af3b95510bd417c58b2abd33676eef1cb61f25581f7090a"},
    {file = "cython-3.1.6-cp310-cp310-manylinux1_i686.manylinux_2_28_i686.manylinux_2_5_i686.whl", hash = "sha256:486376a988268408b7e8ea7b4cccffb914aa497c498b41589fb4a862ba47e050"},
    {file = "cython-3.1.6-cp310-cp310-manylinux2014_aarch64.manylinux_2_17_aarch64.manylinux_2_28_aarch64.whl", hash = "sha256:bdc6e63a04ead11812752a5198b85b7fc079688c76712348d072403f18fdeb49"},
    {file = "cython-3.1.6-cp310-cp310-manylinux2014_x86_64.manylinux_2_17_x86_64.manylinux_2_28_x86_64.whl", hash = "sha256:47e79f0bfbf403a5d6008bc9e7214e81e647794ca95cae6716399ba21abcc706"},
    {file = "cython-3.1.6-cp310-cp310-musllinux_1_2_aarch64.whl", hash = "sha256:2379f729f1d5a445adb4621f279f7c23aeb6245f036f96cce14b5b2fd1f5ff0a"},
    {file = "cython-3.1.6-cp310-cp310-musllinux_1_2_i686.whl", hash = "sha256:1089e18d938b6e742f077e398d52e1701080213c4f203755afde6f1b33d9e051"},
    {file = "cython-3.1.6-cp310-cp310-musllinux_1_2_x86_64.whl", hash = "sha256:73576246abbc62397db85cbdde74d2e5d73dabfdb7e593fdbb3671275ffb50ce"},
    {file = "cython-3.1.6-cp310-cp310-win32.whl", hash = "sha256:f48eae3275b3352ba7eb550fc5321b0fb1ba8d916fa9985fb2f02ce42ae69ddd"},
    {file = "cython-3.1.6-cp310-cp310-win_amd64.whl", hash = "sha256:4066908ee24a18572880966de1d0865d178f5ab9828a9249faa97e1ffdfbed9f"},
    {file = "cython-3.1.6-cp311-cp311-macosx_10_9_x86_64.whl", hash = "sha256:5a1aedd8990f470d108b76ca768d9f1766d6610cf2546b73075dbe1e523daebe"},
    {file = "cython-3.1.6-cp311-cp311-macosx_11_0_arm64.whl", hash = "sha256:f75c33e83e224737b1a68b2868bc08bddaabc6f04aef74864ff6069fe2e68341"},
    {file = "cython-3.1.6-cp311-cp311-manylinux1_i686.manylinux_2_28_i686.manylinux_2_5_i686.whl", hash = "sha256:91b8fb3e961b3344bf257b851f2ce679727f44857fec94d643bcc458601dab54"},
    {file = "cython-3.1.6-cp311-cp311-manylinux2014_aarch64.manylinux_2_17_aarch64.manylinux_2_28_aarch64.whl", hash = "sha256:1cfeb04d43464f5ff8398b499ba46c6eef22093da0e74b25f972576e768880e7"},
    {file = "cython-3.1.6-cp311-cp311-manylinux2014_x86_64.manylinux_2_17_x86_64.manylinux_2_28_x86_64.whl", hash = "sha256:f32366c198ac663a540ff4fa6ed55801d113183616c51100f4cc533568d2c4cf"},
    {file = "cython-3.1.6-cp311-cp311-musllinux_1_2_aarch64.whl", hash = "sha256:9856e8cd7f7a95a3f10a8f15fef4d17e5a4a57fb5185fe3482cec4adb0536635"},
    {file = "cython-3.1.6-cp311-cp311-musllinux_1_2_i686.whl", hash = "sha256:6966f4d4ee13eceade2d952dc63bdf313f413c0c3f165aef0d6f62e6f27dab02"},
    {file = "cython-3.1.6-cp311-cp311-musllinux_1_2_x86_64.whl", hash = "sha256:dffb14bc986626be50003f4edc614a2c0a56cbaaf87259f6c763a6d21da14921"},
    {file = "cython-3.1.6-cp311-cp311-win32.whl", hash = "sha256:cde4748d37483b6c91df9f4327768e2828b1e374cb61bcee06d618958de59b7b"},
    {file = "cython-3.1.6-cp311-cp311-win_amd64.whl", hash = "sha256:29d6141b0c9697dfcaf5940eceb06353bec76f51f0579658964c0d29418000df"},
    {file = "cython-3.1.6-cp312-cp312-macosx_10_13_x86_64.whl", hash = "sha256:0d2c32e8f6c65854e8203b381ff7ab540820763756b7c326e2c8dc18c9bbb44e"},
    {file = "cython-3.1.6-cp312-cp312-macosx_11_0_arm64.whl", hash = "sha256:be24fcde7300a81712af279467ebc79baafc8483eb4dfa4daebf8ee90a826d39"},
    {file = "cython-3.1.6-cp312-cp312-manylinux1_i686.manylinux_2_28_i686.manylinux_2_5_i686.whl", hash = "sha256:5012025af433bd7188fe1f7705df1c4a67e7add80c71658f6c6bc35ea876cc68"},
    {file = "cython-3.1.6-cp312-cp312-manylinux2014_aarch64.manylinux_2_17_aarch64.manylinux_2_28_aarch64.whl", hash = "sha256:3b3520e2d4484f927c3ec00d32ffda75ec72cfd6a2ee07adac721cce339fa26f"},
    {file = "cython-3.1.6-cp312-cp312-manylinux2014_x86_64.manylinux_2_17_x86_64.manylinux_2_28_x86_64.whl", hash = "sha256:c8a01d241d775319bcd7adb4144b070e1c4b01cdf841a62032492f07fad9efdc"},
    {file = "cython-3.1.6-cp312-cp312-musllinux_1_2_aarch64.whl", hash = "sha256:fd88799fa7bb177182423e0745c9197c50938c6839ebfbe6fd01539582ed488e"},
    {file = "cython-3.1.6-cp312-cp312-musllinux_1_2_i686.whl", hash = "sha256:f809bae2e00b79c01ff5daf9a260df7c1bc9fda087b9d625592fa28c1a2248a9"},
    {file = "cython-3.1.6-cp312-cp312-musllinux_1_2_x86_64.whl", hash = "sha256:6f657e7a4b2242d159de603f280928d8e458dfba48144714774ad76c08f5a530"},
    {file = "cython-3.1.6-cp312-cp312-win32.whl", hash = "sha256:6502f3e58db0ab3e2c983bec2c8c9e45d602e2c7ff921a5a8515b0008d918102"},
    {file = "cython-3.1.6-cp312-cp312-win_amd64.whl", hash = "sha256:71d099d8d6094c5de63a32e67b29964565aed889a218e8d16a94083f4239b904"},
    {file = "cython-3.1.6-cp313-cp313-macosx_10_13_x86_64.whl", hash = "sha256:14f0d6b9f803eacf48e9e80ea12a03f54e5f5ac48914341b0a6b81554b3b3154"},
    {file = "cython-3.1.6-cp313-cp313-macosx_11_0_arm64.whl", hash = "sha256:ec79615d0e29fa29fd4283bc7a2ed9c3d00532086a0031532d64b724db8c3e8e"},
    {file = "cython-3.1.6-cp313-cp313-manylinux1_i686.manylinux_2_28_i686.manylinux_2_5_i686.whl", hash = "sha256:037d457738cf4fc12260946c6524b745f488cf413428099f2a064af7612d181f"},
    {file = "cython-3.1.6-cp313-cp313-manylinux2014_aarch64.manylinux_2_17_aarch64.manylinux_2_28_aarch64.whl", hash = "sha256:6b036cb4ed7abcbc89cc04311832b22ad386c532fdd1fe690e1364aa992a54c7"},
    {file = "cython-3.1.6-cp313-cp313-manylinux2014_x86_64.manylinux_2_17_x86_64.manylinux_2_28_x86_64.whl", hash = "sha256:e0fb2694327834c5bda7c5a07605f76437354d0ff76bb8739e77b479d176cf52"},
    {file = "cython-3.1.6-cp313-cp313-musllinux_1_2_aarch64.whl", hash = "sha256:92eb7a39e60426165a5b2a219af181e5695c4dedd598e317a7a4d9086bd66b91"},
    {file = "cython-3.1.6-cp313-cp313-musllinux_1_2_i686.whl", hash = "sha256:c475018b28f4e7111148bd02b600595090e0aac6cc49615c4586bb4e7f164a22"},
    {file = "cython-3.1.6-cp313-cp313-musllinux_1_2_x86_64.whl", hash = "sha256:b1b4bb661103cb95c6ca70daf5d39992b2d89fd260b02a54d92e365095ed37eb"},
    {file = "cython-3.1.6-cp313-cp313-win32.whl", hash = "sha256:69b1bea23b51628b8c9f14c3e0bb4c7dd5be63781bfbaa581b1c683b473c728a"},
    {file = "cython-3.1.6-cp313-cp313-win_amd64.whl", hash = "sha256:c844004712a9fe2a6f2ed4d6fe02aabb2e0e34f88c150724aad1afec7caff37a"},
    {file = "cython-3.1.6-cp314-cp314-macosx_10_15_x86_64.whl", hash = "sha256:8893619efa77fc83934c1255c619d522711a5cf5933cef0d5c2b9755e8e5fabc"},
    {file = "cython-3.1.6-cp314-cp314-macosx_11_0_arm64.whl", hash = "sha256:bb49c74220af0b098f406701f0b87876b1c7614716d39786306986b9feea774b"},
    {file = "cython-3.1.6-cp314-cp314-manylinux1_i686.manylinux_2_28_i686.manylinux_2_5_i686.whl", hash = "sha256:defbf9571fca78e8a6e21b93d35c0a491d6af77a8e6180a0146da1b3c8eb8ce6"},
    {file = "cython-3.1.6-cp314-cp314-manylinux2014_aarch64.manylinux_2_17_aarch64.manylinux_2_28_aarch64.whl", hash = "sha256:8cd7ea8c6ce0adf52d142bf37c4d54b8d0356818144a4584a24f2a0b9cdae6b8"},
    {file = "cython-3.1.6-cp314-cp314-manylinux2014_x86_64.manylinux_2_17_x86_64.manylinux_2_28_x86_64.whl", hash = "sha256:9c47fcc47553214e0a139fd33199d825c5d13970cd6c1039d2594af855ffb338"},
    {file = "cython-3.1.6-cp314-cp314-musllinux_1_2_aarch64.whl", hash = "sha256:92489385bca6d1935913540e35701a979618fdfeed4dbec6cad1be924fb487bf"},
    {file = "cython-3.1.6-cp314-cp314-musllinux_1_2_i686.whl", hash = "sha256:926a3efd9b7012cdb3df0d1886e6f0e32e0b72a5d311ac2d3f48c0716fd91c6d"},
    {file = "cython-3.1.6-cp314-cp314-musllinux_1_2_x86_64.whl", hash = "sha256:e35118eedfa0138154a43fb6b14e83703dae93193ba9940c747c170ed845cca7"},
    {file = "cython-3.1.6-cp314-cp314-win32.whl", hash = "sha256:27f2b26442737d6e080900284883e078aae0276dfd7715a49b338f1a9481f7b9"},
    {file = "cython-3.1.6-cp314-cp314-win_amd64.whl", hash = "sha256:7f75ead2a7cad5ee719427b915711c70e40a114f045b2a9b5bd983484a0b83a7"},
    {file = "cython-3.1.6-cp38-cp38-macosx_10_9_x86_64.whl", hash = "sha256:9fdc17c4b0b1b5fba32880b718b89062e001b65695939a3db27586f0b6d0199e"},
    {file = "cython-3.1.6-cp38-cp38-macosx_11_0_arm64.whl", hash = "sha256:8a1b288238f4e33dbb51cf7263582821cc57f98a78d1ede6e64fab424969503c"},
    {file = "cython-3.1.6-cp38-cp38-manylinux1_i686.manylinux_2_28_i686.manylinux_2_5_i686.whl", hash = "sha256:a0e3a2b307c6e48e1a9ad12ca487906f8783b5473157bd4563b680e85949b3bf"},
    {file = "cython-3.1.6-cp38-cp38-manylinux2014_aarch64.manylinux_2_17_aarch64.manylinux_2_28_aarch64.whl", hash = "sha256:81e6fe7eb6bb902fc86b97672f284a5c04c9c5f14e2466fb65e6ee68a27dbff7"},
    {file = "cython-3.1.6-cp38-cp38-manylinux2014_x86_64.manylinux_2_17_x86_64.manylinux_2_28_x86_64.whl", hash = "sha256:a1059d0f5b5cf654c280721e6d07b8b2dfd104b3b8336449dc41e1abf6f09392"},
    {file = "cython-3.1.6-cp38-cp38-musllinux_1_2_aarch64.whl", hash = "sha256:48e7dba361cc6ffaf90623e20a7a663bc19e9a24bcfdabbe87deef4d816abedb"},
    {file = "cython-3.1.6-cp38-cp38-musllinux_1_2_i686.whl", hash = "sha256:162d4207e79894b2094c7152192a40aa0782c9d61b4c5e6fe087a1c4c1d5eb41"},
    {file = "cython-3.1.6-cp38-cp38-musllinux_1_2_x86_64.whl", hash = "sha256:f04b5b7e594ae7a43fe17812f8ab1a3b76b69e487c338b71f0def6edaa4c851d"},
    {file = "cython-3.1.6-cp38-cp38-win32.whl", hash = "sha256:206f44565f9fbb3806c0b7cd7184944ab1e9f53a367a657dd459140fa37ef858"},
    {file = "cython-3.1.6-cp38-cp38-win_amd64.whl", hash = "sha256:ca1ae069ed8ba89343e55513f541ac06674d5888e218ec3bb08810c2dfe53024"},
    {file = "cython-3.1.6-cp39-cp39-macosx_10_9_x86_64.whl", hash = "sha256:f91791319fff49e41acee86f7933e3f2c186610898b899d3dbf209dfcffa1ccd"},
    {file = "cython-3.1.6-cp39-cp39-macosx_11_0_arm64.whl", hash = "sha256:2375531527162296fef6c2b4db6801a704a164235d6981098381a76defe1ed46"},
    {file = "cython-3.1.6-cp39-cp39-manylinux1_i686.manylinux_2_28_i686.manylinux_2_5_i686.whl", hash = "sha256:5ca38c150c486025d937cdf5c82830eea1c69d9f1ab9b34e877365f96c73a63d"},
    {file = "cython-3.1.6-cp39-cp39-manylinux2014_aarch64.manylinux_2_17_aarch64.manylinux_2_28_aarch64.whl", hash = "sha256:f8dd368ec73dbed6f3022d03a37d1ed23285b1e41f736da6f34cb8fc14892bfb"},
    {file = "cython-3.1.6-cp39-cp39-manylinux2014_x86_64.manylinux_2_17_x86_64.manylinux_2_28_x86_64.whl", hash = "sha256:c7735d1b301a99a85a20758cddd9d66a33b36c225efe9de0e17c0abd998f2f32"},
    {file = "cython-3.1.6-cp39-cp39-musllinux_1_2_aarch64.whl", hash = "sha256:6c19cbfb3adcbec754742e9fd096cdb8537e9f7dabcf376c78e02d145ec30c99"},
    {file = "cython-3.1.6-cp39-cp39-musllinux_1_2_i686.whl", hash = "sha256:958cb56acced5faf22c9ec8eace122b9ee7e591b089ee1dcf0ed1b4511122653"},
    {file = "cython-3.1.6-cp39-cp39-musllinux_1_2_x86_64.whl", hash = "sha256:07f8231e45cfedbfbd384c9bcab5c09ebead662ecf4fdf7983e3dc1625a09b13"},
    {file = "cython-3.1.6-cp39-cp39-win32.whl", hash = "sha256:0d28b3f7c580f0a59b4e46524094f7d0a231eb19f679a27bcfc3b13c0599fc88"},
    {file = "cython-3.1.6-cp39-cp39-win_amd64.whl", hash = "sha256:ea8e5e190b0aa628e0cfabd3200453fdbe8efc7ee5a7eef409c4e5a0975d9b57"},
    {file = "cython-3.1.6-py3-none-any.whl", hash = "sha256:91dcf7eb9b6a089ce4e9e1140e571d84c3bca834afb77ec269be7aa9d31a8157"},
    {file = "cython-3.1.6.tar.gz", hash = "sha256:ff4ccffcf98f30ab5723fc45a39c0548a3f6ab14f01d73930c5bfaea455ff01c"},
]

[[package]]
name = "numpy"
version = "2.3.4"
description = "Fundamental package for array computing in Python"
optional = false
python-versions = ">=3.11"
groups = ["main"]
files = [
    {file = "numpy-2.3.4-cp311-cp311-macosx_10_9_x86_64.whl", hash = "sha256:e78aecd2800b32e8347ce49316d3eaf04aed849cd5b38e0af39f829a4e59f5eb"},
    {file = "numpy-2.3.4-cp311-cp311-macosx_11_0_arm64.whl", hash = "sha256:7fd09cc5d65bda1e79432859c40978010622112e9194e581e3415a3eccc7f43f"},
    {file = "numpy-2.3.4-cp311-cp311-macosx_14_0_arm64.whl", hash = "sha256:1b219560ae2c1de48ead517d085bc2d05b9433f8e49d0955c82e8cd37bd7bf36"},
    {file = "numpy-2.3.4-cp311-cp311-macosx_14_0_x86_64.whl", hash = "sha256:bafa7d87d4c99752d07815ed7a2c0964f8ab311eb8168f41b910bd01d15b6032"},
    {file = "numpy-2.3.4-cp311-cp311-manylinux_2_27_aarch64.manylinux_2_28_aarch64.whl", hash = "sha256:36dc13af226aeab72b7abad501d370d606326a0029b9f435eacb3b8c94b8a8b7"},
    {file = "numpy-2.3.4-cp311-cp311-manylinux_2_27_x86_64.manylinux_2_28_x86_64.whl", hash = "sha256:a7b2f9a18b5ff9824a6af80de4f37f4ec3c2aab05ef08f51c77a093f5b89adda"},
    {file = "numpy-2.3.4-cp311-cp311-musllinux_1_2_aarch64.whl", hash = "sha256:9984bd645a8db6ca15d850ff996856d8762c51a2239225288f08f9050ca240a0"},
    {file = "numpy-2.3.4-cp311-cp311-musllinux_1_2_x86_64.whl", hash = "sha256:64c5825affc76942973a70acf438a8ab618dbd692b84cd5ec40a0a0509edc09a"},
    {file = "numpy-2.3.4-cp311-cp311-win32.whl", hash = "sha256:ed759bf7a70342f7817d88376eb7142fab9fef8320d6019ef87fae05a99874e1"},
    {file = "numpy-2.3.4-cp311-cp311-win_amd64.whl", hash = "sha256:faba246fb30ea2a526c2e9645f61612341de1a83fb1e0c5edf4ddda5a9c10996"},
    {file = "numpy-2.3.4-cp311-cp311-win_arm64.whl", hash = "sha256:4c01835e718bcebe80394fd0ac66c07cbb90147ebbdad3dcecd3f25de2ae7e2c"},
    {file = "numpy-2.3.4-cp312-cp312-macosx_10_13_x86_64.whl", hash = "sha256:ef1b5a3e808bc40827b5fa2c8196151a4c5abe110e1726949d7abddfe5c7ae11"},
    {file = "numpy-2.3.4-cp312-cp312-macosx_11_0_arm64.whl", hash = "sha256:c2f91f496a87235c6aaf6d3f3d89b17dba64996abadccb289f48456cff931ca9"},
    {file = "numpy-2.3.4-cp312-cp312-macosx_14_0_arm64.whl", hash = "sha256:f77e5b3d3da652b474cc80a14084927a5e86a5eccf54ca8ca5cbd697bf7f2667"},
    {file = "numpy-2.3.4-cp312-cp312-macosx_14_0_x86_64.whl", hash = "sha256:8ab1c5f5ee40d6e01cbe96de5863e39b215a4d24e7d007cad56c7184fdf4aeef"},
    {file = "numpy-2.3.4-cp312-cp312-manylinux_2_27_aarch64.manylinux_2_28_aarch64.whl", hash = "sha256:77b84453f3adcb994ddbd0d1c5d11db2d6bda1a2b7fd5ac5bd4649d6f5dc682e"},
    {file = "numpy-2.3.4-cp312-cp312-manylinux_2_27_x86_64.manylinux_2_28_x86_64.whl", hash = "sha256:4121c5beb58a7f9e6dfdee612cb24f4df5cd4db6e8261d7f4d7450a997a65d6a"},
    {file = "numpy-2.3.4-cp312-cp312-musllinux_1_2_aarch64.whl", hash = "sha256:65611ecbb00ac9846efe04db15cbe6186f562f6bb7e5e05f077e53a599225d16"},
    {file = "numpy-2.3.4-cp312-cp312-musllinux_1_2_x86_64.whl", hash = "sha256:dabc42f9c6577bcc13001b8810d300fe814b4cfbe8a92c873f269484594f9786"},
    {file = "numpy-2.3.4-cp312-cp312-win32.whl", hash = "sha256:a49d797192a8d950ca59ee2d0337a4d804f713bb5c3c50e8db26d49666e351dc"},
    {file = "numpy-2.3.4-cp312-cp312-win_amd64.whl", hash = "sha256:985f1e46358f06c2a09921e8921e2c98168ed4ae12ccd6e5e87a4f1857923f32"},
    {file = "numpy-2.3.4-cp312-cp312-win_arm64.whl", hash = "sha256:4635239814149e06e2cb9db3dd584b2fa64316c96f10656983b8026a82e6e4db"},
    {file = "numpy-2.3.4-cp313-cp313-macosx_10_13_x86_64.whl", hash = "sha256:c090d4860032b857d94144d1a9976b8e36709e40386db289aaf6672de2a81966"},
    {file = "numpy-2.3.4-cp313-cp313-macosx_11_0_arm64.whl", hash = "sha256:a13fc473b6db0be619e45f11f9e81260f7302f8d180c49a22b6e6120022596b3"},
    {file = "numpy-2.3.4-cp313-cp313-macosx_14_0_arm64.whl", hash = "sha256:3634093d0b428e6c32c3a69b78e554f0cd20ee420dcad5a9f3b2a63762ce4197"},
    {file = "numpy-2.3.4-cp313-cp313-macosx_14_0_x86_64.whl", hash = "sha256:043885b4f7e6e232d7df4f51ffdef8c36320ee9d5f227b380ea636722c7ed12e"},
    {file = "numpy-2.3.4-cp313-cp313-manylinux_2_27_aarch64.manylinux_2_28_aarch64.whl", hash = "sha256:4ee6a571d1e4f0ea6d5f22d6e5fbd6ed1dc2b18542848e1e7301bd190500c9d7"},
    {file = "numpy-2.3.4-cp313-cp313-manylinux_2_27_x86_64.manylinux_2_28_x86_64.whl", hash = "sha256:fc8a63918b04b8571789688b2780ab2b4a33ab44bfe8ccea36d3eba51228c953"},
    {file = "numpy-2.3.4-cp313-cp313-musllinux_1_2_aarch64.whl", hash = "sha256:40cc556d5abbc54aabe2b1ae287042d7bdb80c08edede19f0c0afb36ae586f37"},
    {file = "numpy-2.3.4-cp313-cp313-musllinux_1_2_x86_64.whl", hash = "sha256:ecb63014bb7f4ce653f8be7f1df8cbc6093a5a2811211770f6606cc92b5a78fd"},
    {file = "numpy-2.3.4-cp313-cp313-win32.whl", hash = "sha256:e8370eb6925bb8c1c4264fec52b0384b44f675f191df91cbe0140ec9f0955646"},
    {file = "numpy-2.3.4-cp313-cp313-win_amd64.whl", hash = "sha256:56209416e81a7893036eea03abcb91c130643eb14233b2515c90dcac963fe99d"},
    {file = "numpy-2.3.4-cp313-cp313-win_arm64.whl", hash = "sha256:a700a4031bc0fd6936e78a752eefb79092cecad2599ea9c8039c548bc097f9bc"},
    {file = "numpy-2.3.4-cp313-cp313t-macosx_10_13_x86_64.whl", hash = "sha256:86966db35c4040fdca64f0816a1c1dd8dbd027d90fca5a57e00e1ca4cd41b879"},
    {file = "numpy-2.3.4-cp313-cp313t-macosx_11_0_arm64.whl", hash = "sha256:838f045478638b26c375ee96ea89464d38428c69170360b23a1a50fa4baa3562"},
    {file = "numpy-2.3.4-cp313-cp313t-macosx_14_0_arm64.whl", hash = "sha256:d7315ed1dab0286adca467377c8381cd748f3dc92235f22a7dfc42745644a96a"},
    {file = "numpy-2.3.4-cp313-cp313t-macosx_14_0_x86_64.whl", hash = "sha256:84f01a4d18b2cc4ade1814a08e5f3c907b079c847051d720fad15ce37aa930b6"},
    {file = "numpy-2.3.4-cp313-cp313t-manylinux_2_27_aarch64.manylinux_2_28_aarch64.whl", hash = "sha256:817e719a868f0dacde4abdfc5c1910b301877970195db9ab6a5e2c4bd5b121f7"},
    {file = "numpy-2.3.4-cp313-cp313t-manylinux_2_27_x86_64.manylinux_2_28_x86_64.whl", hash = "sha256:85e071da78d92a214212cacea81c6da557cab307f2c34b5f85b628e94803f9c0"},
    {file = "numpy-2.3.4-cp313-cp313t-musllinux_1_2_aarch64.whl", hash = "sha256:2ec646892819370cf3558f518797f16597b4e4669894a2ba712caccc9da53f1f"},
    {file = "numpy-2.3.4-cp313-cp313t-musllinux_1_2_x86_64.whl", hash = "sha256:035796aaaddfe2f9664b9a9372f089cfc88bd795a67bd1bfe15e6e770934cf64"},
    {file = "numpy-2.3.4-cp313-cp313t-win32.whl", hash = "sha256:fea80f4f4cf83b54c3a051f2f727870ee51e22f0248d3114b8e755d160b38cfb"},
    {file = "numpy-2.3.4-cp313-cp313t-win_amd64.whl", hash = "sha256:15eea9f306b98e0be91eb344a94c0e630689ef302e10c2ce5f7e11905c704f9c"},
    {file = "numpy-2.3.4-cp313-cp313t-win_arm64.whl", hash = "sha256:b6c231c9c2fadbae4011ca5e7e83e12dc4a5072f1a1d85a0a7b3ed754d145a40"},
    {file = "numpy-2.3.4-cp314-cp314-macosx_10_15_x86_64.whl", hash = "sha256:81c3e6d8c97295a7360d367f9f8553973651b76907988bb6066376bc2252f24e"},
    {file = "numpy-2.3.4-cp314-cp314-macosx_11_0_arm64.whl", hash = "sha256:7c26b0b2bf58009ed1f38a641f3db4be8d960a417ca96d14e5b06df1506d41ff"},
    {file = "numpy-2.3.4-cp314-cp314-macosx_14_0_arm64.whl", hash = "sha256:62b2198c438058a20b6704351b35a1d7db881812d8512d67a69c9de1f18ca05f"},
    {file = "numpy-2.3.4-cp314-cp314-macosx_14_0_x86_64.whl", hash = "sha256:9d729d60f8d53a7361707f4b68a9663c968882dd4f09e0d58c044c8bf5faee7b"},
    {file = "numpy-2.3.4-cp314-cp314-manylinux_2_27_aarch64.manylinux_2_28_aarch64.whl", hash = "sha256:bd0c630cf256b0a7fd9d0a11c9413b42fef5101219ce6ed5a09624f5a65392c7"},
    {file = "numpy-2.3.4-cp314-cp314-manylinux_2_27_x86_64.manylinux_2_28_x86_64.whl", hash = "sha256:d5e081bc082825f8b139f9e9fe42942cb4054524598aaeb177ff476cc76d09d2"},
    {file = "numpy-2.3.4-cp314-cp314-musllinux_1_2_aarch64.whl", hash = "sha256:15fb27364ed84114438fff8aaf998c9e19adbeba08c0b75409f8c452a8692c52"},
    {file = "numpy-2.3.4-cp314-cp314-musllinux_1_2_x86_64.whl", hash = "sha256:85d9fb2d8cd998c84d13a79a09cc0c1091648e848e4e6249b0ccd7f6b487fa26"},
    {file = "numpy-2.3.4-cp314-cp314-win32.whl", hash = "sha256:e73d63fd04e3a9d6bc187f5455d81abfad05660b212c8804bf3b407e984cd2bc"},
    {file = "numpy-2.3.4-cp314-cp314-win_amd64.whl", hash = "sha256:3da3491cee49cf16157e70f607c03a217ea6647b1cea4819c4f48e53d49139b9"},
    {file = "numpy-2.3.4-cp314-cp314-win_arm64.whl", hash = "sha256:6d9cd732068e8288dbe2717177320723ccec4fb064123f0caf9bbd90ab5be868"},
    {file = "numpy-2.3.4-cp314-cp314t-macosx_10_15_x86_64.whl", hash = "sha256:22758999b256b595cf0b1d102b133bb61866ba5ceecf15f759623b64c020c9ec"},
    {file = "numpy-2.3.4-cp314-cp314t-macosx_11_0_arm64.whl", hash = "sha256:9cb177bc55b010b19798dc5497d540dea67fd13a8d9e882b2dae71de0cf09eb3"},
    {file = "numpy-2.3.4-cp314-cp314t-macosx_14_0_arm64.whl", hash = "sha256:0f2bcc76f1e05e5ab58893407c63d90b2029908fa41f9f1cc51eecce936c3365"},
    {file = "numpy-2.3.4-cp314-cp314t-macosx_14_0_x86_64.whl", hash = "sha256:8dc20bde86802df2ed8397a08d793da0ad7a5fd4ea3ac85d757bf5dd4ad7c252"},
    {file = "numpy-2.3.4-cp314-cp314t-manylinux_2_27_aarch64.manylinux_2_28_aarch64.whl", hash = "sha256:5e199c087e2aa71c8f9ce1cb7a8e10677dc12457e7cc1be4798632da37c3e86e"},
    {file = "numpy-2.3.4-cp314-cp314t-manylinux_2_27_x86_64.manylinux_2_28_x86_64.whl", hash = "sha256:85597b2d25ddf655495e2363fe044b0ae999b75bc4d630dc0d886484b03a5eb0"},
    {file = "numpy-2.3.4-cp314-cp314t-musllinux_1_2_aarch64.whl", hash = "sha256:04a69abe45b49c5955923cf2c407843d1c85013b424ae8a560bba16c92fe44a0"},
    {file = "numpy-2.3.4-cp314-cp314t-musllinux_1_2_x86_64.whl", hash = "sha256:e1708fac43ef8b419c975926ce1eaf793b0c13b7356cfab6ab0dc34c0a02ac0f"},
    {file = "numpy-2.3.4-cp314-cp314t-win32.whl", hash = "sha256:863e3b5f4d9915aaf1b8ec79ae560ad21f0b8d5e3adc31e73126491bb86dee1d"},
    {file = "numpy-2.3.4-cp314-cp314t-win_amd64.whl", hash = "sha256:962064de37b9aef801d33bc579690f8bfe6c5e70e29b61783f60bcba838a14d6"},
    {file = "numpy-2.3.4-cp314-cp314t-win_arm64.whl", hash = "sha256:8b5a9a39c45d852b62693d9b3f3e0fe052541f804296ff401a72a1b60edafb29"},
    {file = "numpy-2.3.4-pp311-pypy311_pp73-macosx_10_15_x86_64.whl", hash = "sha256:6e274603039f924c0fe5cb73438fa9246699c78a6df1bd3decef9ae592ae1c05"},
    {file = "numpy-2.3.4-pp311-pypy311_pp73-macosx_11_0_arm64.whl", hash = "sha256:d149aee5c72176d9ddbc6803aef9c0f6d2ceeea7626574fc68518da5476fa346"},
    {file = "numpy-2.3.4-pp311-pypy311_pp73-macosx_14_0_arm64.whl", hash = "sha256:6d34ed9db9e6395bb6cd33286035f73a59b058169733a9db9f85e650b88df37e"},
    {file = "numpy-2.3.4-pp311-pypy311_pp73-macosx_14_0_x86_64.whl", hash = "sha256:fdebe771ca06bb8d6abce84e51dca9f7921fe6ad34a0c914541b063e9a68928b"},
    {file = "numpy-2.3.4-pp311-pypy311_pp73-manylinux_2_27_aarch64.manylinux_2_28_aarch64.whl", hash = "sha256:957e92defe6c08211eb77902253b14fe5b480ebc5112bc741fd5e9cd0608f847"},
    {file = "numpy-2.3.4-pp311-pypy311_pp73-manylinux_2_27_x86_64.manylinux_2_28_x86_64.whl", hash = "sha256:13b9062e4f5c7ee5c7e5be96f29ba71bc5a37fed3d1d77c37390ae00724d296d"},
    {file = "numpy-2.3.4-pp311-pypy311_pp73-win_amd64.whl", hash = "sha256:81b3a59793523e552c4a96109dde028aa4448ae06ccac5a76ff6532a85558a7f"},
    {file = "numpy-2.3.4.tar.gz", hash = "sha256:a7d018bfedb375a8d979ac758b120ba846a7fe764911a64465fd87b8729f4a6a"},
]

[[package]]
name = "setuptools"
version = "80.9.0"
description = "Easily download, build, install, upgrade, and uninstall Python packages"
optional = false
python-versions = ">=3.9"
groups = ["build"]
files = [
    {file = "setuptools-80.9.0-py3-none-any.whl", hash = "sha256:062d34222ad13e0cc312a4c02d73f059e86a4acbfbdea8f8f76b28c99f306922"},
    {file = "setuptools-80.9.0.tar.gz", hash = "sha256:f36b47402ecde768dbfafc46e8e4207b4360c654f1f3bb84475f0a28628fb19c"},
]

[package.extras]
check = ["pytest-checkdocs (>=2.4)", "pytest-ruff (>=0.2.1) ; sys_platform != \"cygwin\"", "ruff (>=0.8.0) ; sys_platform != \"cygwin\""]
core = ["importlib_metadata (>=6) ; python_version < \"3.10\"", "jaraco.functools (>=4)", "jaraco.text (>=3.7)", "more_itertools", "more_itertools (>=8.8)", "packaging (>=24.2)", "platformdirs (>=4.2.2)", "tomli (>=2.0.1) ; python_version < \"3.11\"", "wheel (>=0.43.0)"]
cover = ["pytest-cov"]
doc = ["furo", "jaraco.packaging (>=9.3)", "jaraco.tidelift (>=1.4)", "pygments-github-lexers (==0.0.5)", "pyproject-hooks (!=1.1)", "rst.linker (>=1.9)", "sphinx (>=3.5)", "sphinx-favicon", "sphinx-inline-tabs", "sphinx-lint", "sphinx-notfound-page (>=1,<2)", "sphinx-reredirects", "sphinxcontrib-towncrier", "towncrier (<24.7)"]
enabler = ["pytest-enabler (>=2.2)"]
test = ["build[virtualenv] (>=1.0.3)", "filelock (>=3.4.0)", "ini2toml[lite] (>=0.14)", "jaraco.develop (>=7.21) ; python_version >= \"3.9\" and sys_platform != \"cygwin\"", "jaraco.envs (>=2.2)", "jaraco.path (>=3.7.2)", "jaraco.test (>=5.5)", "packaging (>=24.2)", "pip (>=19.1)", "pyproject-hooks (!=1.1)", "pytest (>=6,!=8.1.*)", "pytest-home (>=0.5)", "pytest-perf ; sys_platform != \"cygwin\"", "pytest-subprocess", "pytest-timeout", "pytest-xdist (>=3)", "tomli-w (>=1.0.0)", "virtualenv (>=13.0.0)", "wheel (>=0.44.0)"]
type = ["importlib_metadata (>=7.0.2) ; python_version < \"3.10\"", "jaraco.develop (>=7.21) ; sys_platform != \"cygwin\"", "mypy (==1.14.*)", "pytest-mypy"]

[metadata]
lock-version = "2.1"
python-versions = "^3.11"
content-hash = "a595d111022d67fd5ed1a96c88940631e7280c47bc624b6c79340fcb536139a1"
